
Microsoft Visual Studio Solution File, Format Version 12.00
# Visual Studio 15
VisualStudioVersion = 15.0.26124.0
MinimumVisualStudioVersion = 15.0.26124.0
Project("{9A19103F-16F7-4668-BE54-9A1E7A4F7556}") = "R5T.D0056.Construction", "R5T.D0056.Construction\R5T.D0056.Construction.csproj", "{0223FDD0-C558-4108-9C6F-7150BBE518A3}"
EndProject
Project("{2150E333-8FDC-42A3-9474-1A3956D46DE8}") = "_Dependencies", "_Dependencies", "{E9AF189A-784D-44F0-A08D-F9A266BF6025}"
EndProject
Project("{9A19103F-16F7-4668-BE54-9A1E7A4F7556}") = "R5T.Dacia.Extensions", "..\..\R5T.Dacia.Extensions\source\R5T.Dacia.Extensions\R5T.Dacia.Extensions.csproj", "{BC2A6508-6ACE-4EB8-93CA-8C0ADD46E994}"
EndProject
Project("{9A19103F-16F7-4668-BE54-9A1E7A4F7556}") = "R5T.Dacia", "..\..\R5T.Dacia\source\R5T.Dacia\R5T.Dacia.csproj", "{DAF6F2D0-C058-4053-B14F-E1433A57C0A7}"
EndProject
Project("{9A19103F-16F7-4668-BE54-9A1E7A4F7556}") = "R5T.D0056.Base", "R5T.D0056.Base\R5T.D0056.Base.csproj", "{C27325DA-BB84-4973-A1FE-2C69EE4C2F2F}"
EndProject
Project("{9A19103F-16F7-4668-BE54-9A1E7A4F7556}") = "R5T.D0056.Default", "R5T.D0056.Default\R5T.D0056.Default.csproj", "{B7E15442-CB36-4FF0-9310-8CF6FFF8C30A}"
EndProject
Project("{9A19103F-16F7-4668-BE54-9A1E7A4F7556}") = "R5T.Magyar", "..\..\R5T.Magyar\source\R5T.Magyar\R5T.Magyar.csproj", "{DF177FEF-6496-4851-9841-93F6AB161A53}"
EndProject
Global
	GlobalSection(SolutionConfigurationPlatforms) = preSolution
		Debug|Any CPU = Debug|Any CPU
		Debug|x64 = Debug|x64
		Debug|x86 = Debug|x86
		Release|Any CPU = Release|Any CPU
		Release|x64 = Release|x64
		Release|x86 = Release|x86
	EndGlobalSection
	GlobalSection(ProjectConfigurationPlatforms) = postSolution
		{0223FDD0-C558-4108-9C6F-7150BBE518A3}.Debug|Any CPU.ActiveCfg = Debug|Any CPU
		{0223FDD0-C558-4108-9C6F-7150BBE518A3}.Debug|Any CPU.Build.0 = Debug|Any CPU
		{0223FDD0-C558-4108-9C6F-7150BBE518A3}.Debug|x64.ActiveCfg = Debug|Any CPU
		{0223FDD0-C558-4108-9C6F-7150BBE518A3}.Debug|x64.Build.0 = Debug|Any CPU
		{0223FDD0-C558-4108-9C6F-7150BBE518A3}.Debug|x86.ActiveCfg = Debug|Any CPU
		{0223FDD0-C558-4108-9C6F-7150BBE518A3}.Debug|x86.Build.0 = Debug|Any CPU
		{0223FDD0-C558-4108-9C6F-7150BBE518A3}.Release|Any CPU.ActiveCfg = Release|Any CPU
		{0223FDD0-C558-4108-9C6F-7150BBE518A3}.Release|Any CPU.Build.0 = Release|Any CPU
		{0223FDD0-C558-4108-9C6F-7150BBE518A3}.Release|x64.ActiveCfg = Release|Any CPU
		{0223FDD0-C558-4108-9C6F-7150BBE518A3}.Release|x64.Build.0 = Release|Any CPU
		{0223FDD0-C558-4108-9C6F-7150BBE518A3}.Release|x86.ActiveCfg = Release|Any CPU
		{0223FDD0-C558-4108-9C6F-7150BBE518A3}.Release|x86.Build.0 = Release|Any CPU
		{BC2A6508-6ACE-4EB8-93CA-8C0ADD46E994}.Debug|Any CPU.ActiveCfg = Debug|Any CPU
		{BC2A6508-6ACE-4EB8-93CA-8C0ADD46E994}.Debug|Any CPU.Build.0 = Debug|Any CPU
		{BC2A6508-6ACE-4EB8-93CA-8C0ADD46E994}.Debug|x64.ActiveCfg = Debug|Any CPU
		{BC2A6508-6ACE-4EB8-93CA-8C0ADD46E994}.Debug|x64.Build.0 = Debug|Any CPU
		{BC2A6508-6ACE-4EB8-93CA-8C0ADD46E994}.Debug|x86.ActiveCfg = Debug|Any CPU
		{BC2A6508-6ACE-4EB8-93CA-8C0ADD46E994}.Debug|x86.Build.0 = Debug|Any CPU
		{BC2A6508-6ACE-4EB8-93CA-8C0ADD46E994}.Release|Any CPU.ActiveCfg = Release|Any CPU
		{BC2A6508-6ACE-4EB8-93CA-8C0ADD46E994}.Release|Any CPU.Build.0 = Release|Any CPU
		{BC2A6508-6ACE-4EB8-93CA-8C0ADD46E994}.Release|x64.ActiveCfg = Release|Any CPU
		{BC2A6508-6ACE-4EB8-93CA-8C0ADD46E994}.Release|x64.Build.0 = Release|Any CPU
		{BC2A6508-6ACE-4EB8-93CA-8C0ADD46E994}.Release|x86.ActiveCfg = Release|Any CPU
		{BC2A6508-6ACE-4EB8-93CA-8C0ADD46E994}.Release|x86.Build.0 = Release|Any CPU
		{DAF6F2D0-C058-4053-B14F-E1433A57C0A7}.Debug|Any CPU.ActiveCfg = Debug|Any CPU
		{DAF6F2D0-C058-4053-B14F-E1433A57C0A7}.Debug|Any CPU.Build.0 = Debug|Any CPU
		{DAF6F2D0-C058-4053-B14F-E1433A57C0A7}.Debug|x64.ActiveCfg = Debug|Any CPU
		{DAF6F2D0-C058-4053-B14F-E1433A57C0A7}.Debug|x64.Build.0 = Debug|Any CPU
		{DAF6F2D0-C058-4053-B14F-E1433A57C0A7}.Debug|x86.ActiveCfg = Debug|Any CPU
		{DAF6F2D0-C058-4053-B14F-E1433A57C0A7}.Debug|x86.Build.0 = Debug|Any CPU
		{DAF6F2D0-C058-4053-B14F-E1433A57C0A7}.Release|Any CPU.ActiveCfg = Release|Any CPU
		{DAF6F2D0-C058-4053-B14F-E1433A57C0A7}.Release|Any CPU.Build.0 = Release|Any CPU
		{DAF6F2D0-C058-4053-B14F-E1433A57C0A7}.Release|x64.ActiveCfg = Release|Any CPU
		{DAF6F2D0-C058-4053-B14F-E1433A57C0A7}.Release|x64.Build.0 = Release|Any CPU
		{DAF6F2D0-C058-4053-B14F-E1433A57C0A7}.Release|x86.ActiveCfg = Release|Any CPU
		{DAF6F2D0-C058-4053-B14F-E1433A57C0A7}.Release|x86.Build.0 = Release|Any CPU
		{C27325DA-BB84-4973-A1FE-2C69EE4C2F2F}.Debug|Any CPU.ActiveCfg = Debug|Any CPU
		{C27325DA-BB84-4973-A1FE-2C69EE4C2F2F}.Debug|Any CPU.Build.0 = Debug|Any CPU
		{C27325DA-BB84-4973-A1FE-2C69EE4C2F2F}.Debug|x64.ActiveCfg = Debug|Any CPU
		{C27325DA-BB84-4973-A1FE-2C69EE4C2F2F}.Debug|x64.Build.0 = Debug|Any CPU
		{C27325DA-BB84-4973-A1FE-2C69EE4C2F2F}.Debug|x86.ActiveCfg = Debug|Any CPU
		{C27325DA-BB84-4973-A1FE-2C69EE4C2F2F}.Debug|x86.Build.0 = Debug|Any CPU
		{C27325DA-BB84-4973-A1FE-2C69EE4C2F2F}.Release|Any CPU.ActiveCfg = Release|Any CPU
		{C27325DA-BB84-4973-A1FE-2C69EE4C2F2F}.Release|Any CPU.Build.0 = Release|Any CPU
		{C27325DA-BB84-4973-A1FE-2C69EE4C2F2F}.Release|x64.ActiveCfg = Release|Any CPU
		{C27325DA-BB84-4973-A1FE-2C69EE4C2F2F}.Release|x64.Build.0 = Release|Any CPU
		{C27325DA-BB84-4973-A1FE-2C69EE4C2F2F}.Release|x86.ActiveCfg = Release|Any CPU
		{C27325DA-BB84-4973-A1FE-2C69EE4C2F2F}.Release|x86.Build.0 = Release|Any CPU
		{B7E15442-CB36-4FF0-9310-8CF6FFF8C30A}.Debug|Any CPU.ActiveCfg = Debug|Any CPU
		{B7E15442-CB36-4FF0-9310-8CF6FFF8C30A}.Debug|Any CPU.Build.0 = Debug|Any CPU
		{B7E15442-CB36-4FF0-9310-8CF6FFF8C30A}.Debug|x64.ActiveCfg = Debug|Any CPU
		{B7E15442-CB36-4FF0-9310-8CF6FFF8C30A}.Debug|x64.Build.0 = Debug|Any CPU
		{B7E15442-CB36-4FF0-9310-8CF6FFF8C30A}.Debug|x86.ActiveCfg = Debug|Any CPU
		{B7E15442-CB36-4FF0-9310-8CF6FFF8C30A}.Debug|x86.Build.0 = Debug|Any CPU
		{B7E15442-CB36-4FF0-9310-8CF6FFF8C30A}.Release|Any CPU.ActiveCfg = Release|Any CPU
		{B7E15442-CB36-4FF0-9310-8CF6FFF8C30A}.Release|Any CPU.Build.0 = Release|Any CPU
		{B7E15442-CB36-4FF0-9310-8CF6FFF8C30A}.Release|x64.ActiveCfg = Release|Any CPU
		{B7E15442-CB36-4FF0-9310-8CF6FFF8C30A}.Release|x64.Build.0 = Release|Any CPU
		{B7E15442-CB36-4FF0-9310-8CF6FFF8C30A}.Release|x86.ActiveCfg = Release|Any CPU
		{B7E15442-CB36-4FF0-9310-8CF6FFF8C30A}.Release|x86.Build.0 = Release|Any CPU
		{DF177FEF-6496-4851-9841-93F6AB161A53}.Debug|Any CPU.ActiveCfg = Debug|Any CPU
		{DF177FEF-6496-4851-9841-93F6AB161A53}.Debug|Any CPU.Build.0 = Debug|Any CPU
		{DF177FEF-6496-4851-9841-93F6AB161A53}.Debug|x64.ActiveCfg = Debug|Any CPU
		{DF177FEF-6496-4851-9841-93F6AB161A53}.Debug|x64.Build.0 = Debug|Any CPU
		{DF177FEF-6496-4851-9841-93F6AB161A53}.Debug|x86.ActiveCfg = Debug|Any CPU
		{DF177FEF-6496-4851-9841-93F6AB161A53}.Debug|x86.Build.0 = Debug|Any CPU
		{DF177FEF-6496-4851-9841-93F6AB161A53}.Release|Any CPU.ActiveCfg = Release|Any CPU
		{DF177FEF-6496-4851-9841-93F6AB161A53}.Release|Any CPU.Build.0 = Release|Any CPU
		{DF177FEF-6496-4851-9841-93F6AB161A53}.Release|x64.ActiveCfg = Release|Any CPU
		{DF177FEF-6496-4851-9841-93F6AB161A53}.Release|x64.Build.0 = Release|Any CPU
		{DF177FEF-6496-4851-9841-93F6AB161A53}.Release|x86.ActiveCfg = Release|Any CPU
		{DF177FEF-6496-4851-9841-93F6AB161A53}.Release|x86.Build.0 = Release|Any CPU
	EndGlobalSection
	GlobalSection(SolutionProperties) = preSolution
		HideSolutionNode = FALSE
	EndGlobalSection
	GlobalSection(NestedProjects) = preSolution
		{BC2A6508-6ACE-4EB8-93CA-8C0ADD46E994} = {E9AF189A-784D-44F0-A08D-F9A266BF6025}
		{DAF6F2D0-C058-4053-B14F-E1433A57C0A7} = {E9AF189A-784D-44F0-A08D-F9A266BF6025}
		{DF177FEF-6496-4851-9841-93F6AB161A53} = {E9AF189A-784D-44F0-A08D-F9A266BF6025}
	EndGlobalSection
	GlobalSection(ExtensibilityGlobals) = postSolution
		SolutionGuid = {EB6B9F26-6791-4515-B39F-A6E1F7BEAE0F}
	EndGlobalSection
EndGlobal
