
Microsoft Visual Studio Solution File, Format Version 12.00
# Visual Studio Version 17
VisualStudioVersion = 17.2.32630.192
MinimumVisualStudioVersion = 10.0.40219.1
Project("{9A19103F-16F7-4668-BE54-9A1E7A4F7556}") = "R5T.D0056.Construction", "R5T.D0056.Construction\R5T.D0056.Construction.csproj", "{0223FDD0-C558-4108-9C6F-7150BBE518A3}"
EndProject
Project("{2150E333-8FDC-42A3-9474-1A3956D46DE8}") = "_Dependencies", "_Dependencies", "{E9AF189A-784D-44F0-A08D-F9A266BF6025}"
EndProject
Project("{9A19103F-16F7-4668-BE54-9A1E7A4F7556}") = "R5T.Dacia.Extensions", "..\..\R5T.Dacia.Extensions\source\R5T.Dacia.Extensions\R5T.Dacia.Extensions.csproj", "{BC2A6508-6ACE-4EB8-93CA-8C0ADD46E994}"
EndProject
Project("{9A19103F-16F7-4668-BE54-9A1E7A4F7556}") = "R5T.Dacia", "..\..\R5T.Dacia\source\R5T.Dacia\R5T.Dacia.csproj", "{DAF6F2D0-C058-4053-B14F-E1433A57C0A7}"
EndProject
Project("{9A19103F-16F7-4668-BE54-9A1E7A4F7556}") = "R5T.D0056.Base", "R5T.D0056.Base\R5T.D0056.Base.csproj", "{C27325DA-BB84-4973-A1FE-2C69EE4C2F2F}"
EndProject
Project("{9A19103F-16F7-4668-BE54-9A1E7A4F7556}") = "R5T.D0056.Default", "R5T.D0056.Default\R5T.D0056.Default.csproj", "{B7E15442-CB36-4FF0-9310-8CF6FFF8C30A}"
EndProject
Project("{9A19103F-16F7-4668-BE54-9A1E7A4F7556}") = "R5T.Magyar", "..\..\R5T.Magyar\source\R5T.Magyar\R5T.Magyar.csproj", "{DF177FEF-6496-4851-9841-93F6AB161A53}"
EndProject
Project("{9A19103F-16F7-4668-BE54-9A1E7A4F7556}") = "R5T.D0056", "R5T.D0056\R5T.D0056.csproj", "{3AB4BA14-BA94-4249-8CB3-F7D024B6461F}"
EndProject
Project("{9A19103F-16F7-4668-BE54-9A1E7A4F7556}") = "R5T.D0056.Json", "R5T.D0056.Json\R5T.D0056.Json.csproj", "{8E3D99FE-76CF-49E2-B471-117370317DA1}"
EndProject
Project("{9A19103F-16F7-4668-BE54-9A1E7A4F7556}") = "R5T.Newport", "..\..\R5T.Newport\source\R5T.Newport\R5T.Newport.csproj", "{E48D0101-B858-4E4C-9FED-68A3F7363EB3}"
EndProject
Project("{9A19103F-16F7-4668-BE54-9A1E7A4F7556}") = "R5T.D0056.Types", "R5T.D0056.Types\R5T.D0056.Types.csproj", "{0466DC1D-DB85-4D15-8950-4E9626EC5B8C}"
EndProject
Project("{9A19103F-16F7-4668-BE54-9A1E7A4F7556}") = "R5T.D0056.Investigation", "R5T.D0056.Investigation\R5T.D0056.Investigation.csproj", "{E4CB9379-3D9F-410F-BCD3-7C1D609DEFDF}"
EndProject
Project("{9A19103F-16F7-4668-BE54-9A1E7A4F7556}") = "R5T.T0064", "..\..\R5T.T0064\source\R5T.T0064\R5T.T0064.csproj", "{F54F0EAA-2034-41EA-97C4-0870C5DEE130}"
EndProject
Project("{9A19103F-16F7-4668-BE54-9A1E7A4F7556}") = "R5T.T0143", "..\..\R5T.T0143\source\R5T.T0143\R5T.T0143.csproj", "{08216841-47A9-4A03-BBB4-B5A7A0A0EC11}"
EndProject
Project("{9A19103F-16F7-4668-BE54-9A1E7A4F7556}") = "R5T.T0064.T001", "..\..\R5T.T0064\source\R5T.T0064.T001\R5T.T0064.T001.csproj", "{4D9D0E13-CCA2-45A5-A918-68E715BF54C4}"
EndProject
Global
	GlobalSection(SolutionConfigurationPlatforms) = preSolution
		Debug|Any CPU = Debug|Any CPU
		Debug|x64 = Debug|x64
		Debug|x86 = Debug|x86
		Release|Any CPU = Release|Any CPU
		Release|x64 = Release|x64
		Release|x86 = Release|x86
	EndGlobalSection
	GlobalSection(ProjectConfigurationPlatforms) = postSolution
		{0223FDD0-C558-4108-9C6F-7150BBE518A3}.Debug|Any CPU.ActiveCfg = Debug|Any CPU
		{0223FDD0-C558-4108-9C6F-7150BBE518A3}.Debug|Any CPU.Build.0 = Debug|Any CPU
		{0223FDD0-C558-4108-9C6F-7150BBE518A3}.Debug|x64.ActiveCfg = Debug|Any CPU
		{0223FDD0-C558-4108-9C6F-7150BBE518A3}.Debug|x64.Build.0 = Debug|Any CPU
		{0223FDD0-C558-4108-9C6F-7150BBE518A3}.Debug|x86.ActiveCfg = Debug|Any CPU
		{0223FDD0-C558-4108-9C6F-7150BBE518A3}.Debug|x86.Build.0 = Debug|Any CPU
		{0223FDD0-C558-4108-9C6F-7150BBE518A3}.Release|Any CPU.ActiveCfg = Release|Any CPU
		{0223FDD0-C558-4108-9C6F-7150BBE518A3}.Release|Any CPU.Build.0 = Release|Any CPU
		{0223FDD0-C558-4108-9C6F-7150BBE518A3}.Release|x64.ActiveCfg = Release|Any CPU
		{0223FDD0-C558-4108-9C6F-7150BBE518A3}.Release|x64.Build.0 = Release|Any CPU
		{0223FDD0-C558-4108-9C6F-7150BBE518A3}.Release|x86.ActiveCfg = Release|Any CPU
		{0223FDD0-C558-4108-9C6F-7150BBE518A3}.Release|x86.Build.0 = Release|Any CPU
		{BC2A6508-6ACE-4EB8-93CA-8C0ADD46E994}.Debug|Any CPU.ActiveCfg = Debug|Any CPU
		{BC2A6508-6ACE-4EB8-93CA-8C0ADD46E994}.Debug|Any CPU.Build.0 = Debug|Any CPU
		{BC2A6508-6ACE-4EB8-93CA-8C0ADD46E994}.Debug|x64.ActiveCfg = Debug|Any CPU
		{BC2A6508-6ACE-4EB8-93CA-8C0ADD46E994}.Debug|x64.Build.0 = Debug|Any CPU
		{BC2A6508-6ACE-4EB8-93CA-8C0ADD46E994}.Debug|x86.ActiveCfg = Debug|Any CPU
		{BC2A6508-6ACE-4EB8-93CA-8C0ADD46E994}.Debug|x86.Build.0 = Debug|Any CPU
		{BC2A6508-6ACE-4EB8-93CA-8C0ADD46E994}.Release|Any CPU.ActiveCfg = Release|Any CPU
		{BC2A6508-6ACE-4EB8-93CA-8C0ADD46E994}.Release|Any CPU.Build.0 = Release|Any CPU
		{BC2A6508-6ACE-4EB8-93CA-8C0ADD46E994}.Release|x64.ActiveCfg = Release|Any CPU
		{BC2A6508-6ACE-4EB8-93CA-8C0ADD46E994}.Release|x64.Build.0 = Release|Any CPU
		{BC2A6508-6ACE-4EB8-93CA-8C0ADD46E994}.Release|x86.ActiveCfg = Release|Any CPU
		{BC2A6508-6ACE-4EB8-93CA-8C0ADD46E994}.Release|x86.Build.0 = Release|Any CPU
		{DAF6F2D0-C058-4053-B14F-E1433A57C0A7}.Debug|Any CPU.ActiveCfg = Debug|Any CPU
		{DAF6F2D0-C058-4053-B14F-E1433A57C0A7}.Debug|Any CPU.Build.0 = Debug|Any CPU
		{DAF6F2D0-C058-4053-B14F-E1433A57C0A7}.Debug|x64.ActiveCfg = Debug|Any CPU
		{DAF6F2D0-C058-4053-B14F-E1433A57C0A7}.Debug|x64.Build.0 = Debug|Any CPU
		{DAF6F2D0-C058-4053-B14F-E1433A57C0A7}.Debug|x86.ActiveCfg = Debug|Any CPU
		{DAF6F2D0-C058-4053-B14F-E1433A57C0A7}.Debug|x86.Build.0 = Debug|Any CPU
		{DAF6F2D0-C058-4053-B14F-E1433A57C0A7}.Release|Any CPU.ActiveCfg = Release|Any CPU
		{DAF6F2D0-C058-4053-B14F-E1433A57C0A7}.Release|Any CPU.Build.0 = Release|Any CPU
		{DAF6F2D0-C058-4053-B14F-E1433A57C0A7}.Release|x64.ActiveCfg = Release|Any CPU
		{DAF6F2D0-C058-4053-B14F-E1433A57C0A7}.Release|x64.Build.0 = Release|Any CPU
		{DAF6F2D0-C058-4053-B14F-E1433A57C0A7}.Release|x86.ActiveCfg = Release|Any CPU
		{DAF6F2D0-C058-4053-B14F-E1433A57C0A7}.Release|x86.Build.0 = Release|Any CPU
		{C27325DA-BB84-4973-A1FE-2C69EE4C2F2F}.Debug|Any CPU.ActiveCfg = Debug|Any CPU
		{C27325DA-BB84-4973-A1FE-2C69EE4C2F2F}.Debug|Any CPU.Build.0 = Debug|Any CPU
		{C27325DA-BB84-4973-A1FE-2C69EE4C2F2F}.Debug|x64.ActiveCfg = Debug|Any CPU
		{C27325DA-BB84-4973-A1FE-2C69EE4C2F2F}.Debug|x64.Build.0 = Debug|Any CPU
		{C27325DA-BB84-4973-A1FE-2C69EE4C2F2F}.Debug|x86.ActiveCfg = Debug|Any CPU
		{C27325DA-BB84-4973-A1FE-2C69EE4C2F2F}.Debug|x86.Build.0 = Debug|Any CPU
		{C27325DA-BB84-4973-A1FE-2C69EE4C2F2F}.Release|Any CPU.ActiveCfg = Release|Any CPU
		{C27325DA-BB84-4973-A1FE-2C69EE4C2F2F}.Release|Any CPU.Build.0 = Release|Any CPU
		{C27325DA-BB84-4973-A1FE-2C69EE4C2F2F}.Release|x64.ActiveCfg = Release|Any CPU
		{C27325DA-BB84-4973-A1FE-2C69EE4C2F2F}.Release|x64.Build.0 = Release|Any CPU
		{C27325DA-BB84-4973-A1FE-2C69EE4C2F2F}.Release|x86.ActiveCfg = Release|Any CPU
		{C27325DA-BB84-4973-A1FE-2C69EE4C2F2F}.Release|x86.Build.0 = Release|Any CPU
		{B7E15442-CB36-4FF0-9310-8CF6FFF8C30A}.Debug|Any CPU.ActiveCfg = Debug|Any CPU
		{B7E15442-CB36-4FF0-9310-8CF6FFF8C30A}.Debug|Any CPU.Build.0 = Debug|Any CPU
		{B7E15442-CB36-4FF0-9310-8CF6FFF8C30A}.Debug|x64.ActiveCfg = Debug|Any CPU
		{B7E15442-CB36-4FF0-9310-8CF6FFF8C30A}.Debug|x64.Build.0 = Debug|Any CPU
		{B7E15442-CB36-4FF0-9310-8CF6FFF8C30A}.Debug|x86.ActiveCfg = Debug|Any CPU
		{B7E15442-CB36-4FF0-9310-8CF6FFF8C30A}.Debug|x86.Build.0 = Debug|Any CPU
		{B7E15442-CB36-4FF0-9310-8CF6FFF8C30A}.Release|Any CPU.ActiveCfg = Release|Any CPU
		{B7E15442-CB36-4FF0-9310-8CF6FFF8C30A}.Release|Any CPU.Build.0 = Release|Any CPU
		{B7E15442-CB36-4FF0-9310-8CF6FFF8C30A}.Release|x64.ActiveCfg = Release|Any CPU
		{B7E15442-CB36-4FF0-9310-8CF6FFF8C30A}.Release|x64.Build.0 = Release|Any CPU
		{B7E15442-CB36-4FF0-9310-8CF6FFF8C30A}.Release|x86.ActiveCfg = Release|Any CPU
		{B7E15442-CB36-4FF0-9310-8CF6FFF8C30A}.Release|x86.Build.0 = Release|Any CPU
		{DF177FEF-6496-4851-9841-93F6AB161A53}.Debug|Any CPU.ActiveCfg = Debug|Any CPU
		{DF177FEF-6496-4851-9841-93F6AB161A53}.Debug|Any CPU.Build.0 = Debug|Any CPU
		{DF177FEF-6496-4851-9841-93F6AB161A53}.Debug|x64.ActiveCfg = Debug|Any CPU
		{DF177FEF-6496-4851-9841-93F6AB161A53}.Debug|x64.Build.0 = Debug|Any CPU
		{DF177FEF-6496-4851-9841-93F6AB161A53}.Debug|x86.ActiveCfg = Debug|Any CPU
		{DF177FEF-6496-4851-9841-93F6AB161A53}.Debug|x86.Build.0 = Debug|Any CPU
		{DF177FEF-6496-4851-9841-93F6AB161A53}.Release|Any CPU.ActiveCfg = Release|Any CPU
		{DF177FEF-6496-4851-9841-93F6AB161A53}.Release|Any CPU.Build.0 = Release|Any CPU
		{DF177FEF-6496-4851-9841-93F6AB161A53}.Release|x64.ActiveCfg = Release|Any CPU
		{DF177FEF-6496-4851-9841-93F6AB161A53}.Release|x64.Build.0 = Release|Any CPU
		{DF177FEF-6496-4851-9841-93F6AB161A53}.Release|x86.ActiveCfg = Release|Any CPU
		{DF177FEF-6496-4851-9841-93F6AB161A53}.Release|x86.Build.0 = Release|Any CPU
		{3AB4BA14-BA94-4249-8CB3-F7D024B6461F}.Debug|Any CPU.ActiveCfg = Debug|Any CPU
		{3AB4BA14-BA94-4249-8CB3-F7D024B6461F}.Debug|Any CPU.Build.0 = Debug|Any CPU
		{3AB4BA14-BA94-4249-8CB3-F7D024B6461F}.Debug|x64.ActiveCfg = Debug|Any CPU
		{3AB4BA14-BA94-4249-8CB3-F7D024B6461F}.Debug|x64.Build.0 = Debug|Any CPU
		{3AB4BA14-BA94-4249-8CB3-F7D024B6461F}.Debug|x86.ActiveCfg = Debug|Any CPU
		{3AB4BA14-BA94-4249-8CB3-F7D024B6461F}.Debug|x86.Build.0 = Debug|Any CPU
		{3AB4BA14-BA94-4249-8CB3-F7D024B6461F}.Release|Any CPU.ActiveCfg = Release|Any CPU
		{3AB4BA14-BA94-4249-8CB3-F7D024B6461F}.Release|Any CPU.Build.0 = Release|Any CPU
		{3AB4BA14-BA94-4249-8CB3-F7D024B6461F}.Release|x64.ActiveCfg = Release|Any CPU
		{3AB4BA14-BA94-4249-8CB3-F7D024B6461F}.Release|x64.Build.0 = Release|Any CPU
		{3AB4BA14-BA94-4249-8CB3-F7D024B6461F}.Release|x86.ActiveCfg = Release|Any CPU
		{3AB4BA14-BA94-4249-8CB3-F7D024B6461F}.Release|x86.Build.0 = Release|Any CPU
		{8E3D99FE-76CF-49E2-B471-117370317DA1}.Debug|Any CPU.ActiveCfg = Debug|Any CPU
		{8E3D99FE-76CF-49E2-B471-117370317DA1}.Debug|Any CPU.Build.0 = Debug|Any CPU
		{8E3D99FE-76CF-49E2-B471-117370317DA1}.Debug|x64.ActiveCfg = Debug|Any CPU
		{8E3D99FE-76CF-49E2-B471-117370317DA1}.Debug|x64.Build.0 = Debug|Any CPU
		{8E3D99FE-76CF-49E2-B471-117370317DA1}.Debug|x86.ActiveCfg = Debug|Any CPU
		{8E3D99FE-76CF-49E2-B471-117370317DA1}.Debug|x86.Build.0 = Debug|Any CPU
		{8E3D99FE-76CF-49E2-B471-117370317DA1}.Release|Any CPU.ActiveCfg = Release|Any CPU
		{8E3D99FE-76CF-49E2-B471-117370317DA1}.Release|Any CPU.Build.0 = Release|Any CPU
		{8E3D99FE-76CF-49E2-B471-117370317DA1}.Release|x64.ActiveCfg = Release|Any CPU
		{8E3D99FE-76CF-49E2-B471-117370317DA1}.Release|x64.Build.0 = Release|Any CPU
		{8E3D99FE-76CF-49E2-B471-117370317DA1}.Release|x86.ActiveCfg = Release|Any CPU
		{8E3D99FE-76CF-49E2-B471-117370317DA1}.Release|x86.Build.0 = Release|Any CPU
		{E48D0101-B858-4E4C-9FED-68A3F7363EB3}.Debug|Any CPU.ActiveCfg = Debug|Any CPU
		{E48D0101-B858-4E4C-9FED-68A3F7363EB3}.Debug|Any CPU.Build.0 = Debug|Any CPU
		{E48D0101-B858-4E4C-9FED-68A3F7363EB3}.Debug|x64.ActiveCfg = Debug|Any CPU
		{E48D0101-B858-4E4C-9FED-68A3F7363EB3}.Debug|x64.Build.0 = Debug|Any CPU
		{E48D0101-B858-4E4C-9FED-68A3F7363EB3}.Debug|x86.ActiveCfg = Debug|Any CPU
		{E48D0101-B858-4E4C-9FED-68A3F7363EB3}.Debug|x86.Build.0 = Debug|Any CPU
		{E48D0101-B858-4E4C-9FED-68A3F7363EB3}.Release|Any CPU.ActiveCfg = Release|Any CPU
		{E48D0101-B858-4E4C-9FED-68A3F7363EB3}.Release|Any CPU.Build.0 = Release|Any CPU
		{E48D0101-B858-4E4C-9FED-68A3F7363EB3}.Release|x64.ActiveCfg = Release|Any CPU
		{E48D0101-B858-4E4C-9FED-68A3F7363EB3}.Release|x64.Build.0 = Release|Any CPU
		{E48D0101-B858-4E4C-9FED-68A3F7363EB3}.Release|x86.ActiveCfg = Release|Any CPU
		{E48D0101-B858-4E4C-9FED-68A3F7363EB3}.Release|x86.Build.0 = Release|Any CPU
		{0466DC1D-DB85-4D15-8950-4E9626EC5B8C}.Debug|Any CPU.ActiveCfg = Debug|Any CPU
		{0466DC1D-DB85-4D15-8950-4E9626EC5B8C}.Debug|Any CPU.Build.0 = Debug|Any CPU
		{0466DC1D-DB85-4D15-8950-4E9626EC5B8C}.Debug|x64.ActiveCfg = Debug|Any CPU
		{0466DC1D-DB85-4D15-8950-4E9626EC5B8C}.Debug|x64.Build.0 = Debug|Any CPU
		{0466DC1D-DB85-4D15-8950-4E9626EC5B8C}.Debug|x86.ActiveCfg = Debug|Any CPU
		{0466DC1D-DB85-4D15-8950-4E9626EC5B8C}.Debug|x86.Build.0 = Debug|Any CPU
		{0466DC1D-DB85-4D15-8950-4E9626EC5B8C}.Release|Any CPU.ActiveCfg = Release|Any CPU
		{0466DC1D-DB85-4D15-8950-4E9626EC5B8C}.Release|Any CPU.Build.0 = Release|Any CPU
		{0466DC1D-DB85-4D15-8950-4E9626EC5B8C}.Release|x64.ActiveCfg = Release|Any CPU
		{0466DC1D-DB85-4D15-8950-4E9626EC5B8C}.Release|x64.Build.0 = Release|Any CPU
		{0466DC1D-DB85-4D15-8950-4E9626EC5B8C}.Release|x86.ActiveCfg = Release|Any CPU
		{0466DC1D-DB85-4D15-8950-4E9626EC5B8C}.Release|x86.Build.0 = Release|Any CPU
		{E4CB9379-3D9F-410F-BCD3-7C1D609DEFDF}.Debug|Any CPU.ActiveCfg = Debug|Any CPU
		{E4CB9379-3D9F-410F-BCD3-7C1D609DEFDF}.Debug|Any CPU.Build.0 = Debug|Any CPU
		{E4CB9379-3D9F-410F-BCD3-7C1D609DEFDF}.Debug|x64.ActiveCfg = Debug|Any CPU
		{E4CB9379-3D9F-410F-BCD3-7C1D609DEFDF}.Debug|x64.Build.0 = Debug|Any CPU
		{E4CB9379-3D9F-410F-BCD3-7C1D609DEFDF}.Debug|x86.ActiveCfg = Debug|Any CPU
		{E4CB9379-3D9F-410F-BCD3-7C1D609DEFDF}.Debug|x86.Build.0 = Debug|Any CPU
		{E4CB9379-3D9F-410F-BCD3-7C1D609DEFDF}.Release|Any CPU.ActiveCfg = Release|Any CPU
		{E4CB9379-3D9F-410F-BCD3-7C1D609DEFDF}.Release|Any CPU.Build.0 = Release|Any CPU
		{E4CB9379-3D9F-410F-BCD3-7C1D609DEFDF}.Release|x64.ActiveCfg = Release|Any CPU
		{E4CB9379-3D9F-410F-BCD3-7C1D609DEFDF}.Release|x64.Build.0 = Release|Any CPU
		{E4CB9379-3D9F-410F-BCD3-7C1D609DEFDF}.Release|x86.ActiveCfg = Release|Any CPU
		{E4CB9379-3D9F-410F-BCD3-7C1D609DEFDF}.Release|x86.Build.0 = Release|Any CPU
		{F54F0EAA-2034-41EA-97C4-0870C5DEE130}.Debug|Any CPU.ActiveCfg = Debug|Any CPU
		{F54F0EAA-2034-41EA-97C4-0870C5DEE130}.Debug|Any CPU.Build.0 = Debug|Any CPU
		{F54F0EAA-2034-41EA-97C4-0870C5DEE130}.Debug|x64.ActiveCfg = Debug|Any CPU
		{F54F0EAA-2034-41EA-97C4-0870C5DEE130}.Debug|x64.Build.0 = Debug|Any CPU
		{F54F0EAA-2034-41EA-97C4-0870C5DEE130}.Debug|x86.ActiveCfg = Debug|Any CPU
		{F54F0EAA-2034-41EA-97C4-0870C5DEE130}.Debug|x86.Build.0 = Debug|Any CPU
		{F54F0EAA-2034-41EA-97C4-0870C5DEE130}.Release|Any CPU.ActiveCfg = Release|Any CPU
		{F54F0EAA-2034-41EA-97C4-0870C5DEE130}.Release|Any CPU.Build.0 = Release|Any CPU
		{F54F0EAA-2034-41EA-97C4-0870C5DEE130}.Release|x64.ActiveCfg = Release|Any CPU
		{F54F0EAA-2034-41EA-97C4-0870C5DEE130}.Release|x64.Build.0 = Release|Any CPU
		{F54F0EAA-2034-41EA-97C4-0870C5DEE130}.Release|x86.ActiveCfg = Release|Any CPU
		{F54F0EAA-2034-41EA-97C4-0870C5DEE130}.Release|x86.Build.0 = Release|Any CPU
		{08216841-47A9-4A03-BBB4-B5A7A0A0EC11}.Debug|Any CPU.ActiveCfg = Debug|Any CPU
		{08216841-47A9-4A03-BBB4-B5A7A0A0EC11}.Debug|Any CPU.Build.0 = Debug|Any CPU
		{08216841-47A9-4A03-BBB4-B5A7A0A0EC11}.Debug|x64.ActiveCfg = Debug|Any CPU
		{08216841-47A9-4A03-BBB4-B5A7A0A0EC11}.Debug|x64.Build.0 = Debug|Any CPU
		{08216841-47A9-4A03-BBB4-B5A7A0A0EC11}.Debug|x86.ActiveCfg = Debug|Any CPU
		{08216841-47A9-4A03-BBB4-B5A7A0A0EC11}.Debug|x86.Build.0 = Debug|Any CPU
		{08216841-47A9-4A03-BBB4-B5A7A0A0EC11}.Release|Any CPU.ActiveCfg = Release|Any CPU
		{08216841-47A9-4A03-BBB4-B5A7A0A0EC11}.Release|Any CPU.Build.0 = Release|Any CPU
		{08216841-47A9-4A03-BBB4-B5A7A0A0EC11}.Release|x64.ActiveCfg = Release|Any CPU
		{08216841-47A9-4A03-BBB4-B5A7A0A0EC11}.Release|x64.Build.0 = Release|Any CPU
		{08216841-47A9-4A03-BBB4-B5A7A0A0EC11}.Release|x86.ActiveCfg = Release|Any CPU
		{08216841-47A9-4A03-BBB4-B5A7A0A0EC11}.Release|x86.Build.0 = Release|Any CPU
		{4D9D0E13-CCA2-45A5-A918-68E715BF54C4}.Debug|Any CPU.ActiveCfg = Debug|Any CPU
		{4D9D0E13-CCA2-45A5-A918-68E715BF54C4}.Debug|Any CPU.Build.0 = Debug|Any CPU
		{4D9D0E13-CCA2-45A5-A918-68E715BF54C4}.Debug|x64.ActiveCfg = Debug|Any CPU
		{4D9D0E13-CCA2-45A5-A918-68E715BF54C4}.Debug|x64.Build.0 = Debug|Any CPU
		{4D9D0E13-CCA2-45A5-A918-68E715BF54C4}.Debug|x86.ActiveCfg = Debug|Any CPU
		{4D9D0E13-CCA2-45A5-A918-68E715BF54C4}.Debug|x86.Build.0 = Debug|Any CPU
		{4D9D0E13-CCA2-45A5-A918-68E715BF54C4}.Release|Any CPU.ActiveCfg = Release|Any CPU
		{4D9D0E13-CCA2-45A5-A918-68E715BF54C4}.Release|Any CPU.Build.0 = Release|Any CPU
		{4D9D0E13-CCA2-45A5-A918-68E715BF54C4}.Release|x64.ActiveCfg = Release|Any CPU
		{4D9D0E13-CCA2-45A5-A918-68E715BF54C4}.Release|x64.Build.0 = Release|Any CPU
		{4D9D0E13-CCA2-45A5-A918-68E715BF54C4}.Release|x86.ActiveCfg = Release|Any CPU
		{4D9D0E13-CCA2-45A5-A918-68E715BF54C4}.Release|x86.Build.0 = Release|Any CPU
	EndGlobalSection
	GlobalSection(SolutionProperties) = preSolution
		HideSolutionNode = FALSE
	EndGlobalSection
	GlobalSection(NestedProjects) = preSolution
		{BC2A6508-6ACE-4EB8-93CA-8C0ADD46E994} = {E9AF189A-784D-44F0-A08D-F9A266BF6025}
		{DAF6F2D0-C058-4053-B14F-E1433A57C0A7} = {E9AF189A-784D-44F0-A08D-F9A266BF6025}
		{DF177FEF-6496-4851-9841-93F6AB161A53} = {E9AF189A-784D-44F0-A08D-F9A266BF6025}
		{E48D0101-B858-4E4C-9FED-68A3F7363EB3} = {E9AF189A-784D-44F0-A08D-F9A266BF6025}
		{F54F0EAA-2034-41EA-97C4-0870C5DEE130} = {E9AF189A-784D-44F0-A08D-F9A266BF6025}
		{08216841-47A9-4A03-BBB4-B5A7A0A0EC11} = {E9AF189A-784D-44F0-A08D-F9A266BF6025}
		{4D9D0E13-CCA2-45A5-A918-68E715BF54C4} = {E9AF189A-784D-44F0-A08D-F9A266BF6025}
	EndGlobalSection
	GlobalSection(ExtensibilityGlobals) = postSolution
		SolutionGuid = {EB6B9F26-6791-4515-B39F-A6E1F7BEAE0F}
	EndGlobalSection
EndGlobal
